
Microsoft Visual Studio Solution File, Format Version 12.00
# Visual Studio Version 17
VisualStudioVersion = 17.14.36511.14
MinimumVisualStudioVersion = 10.0.40219.1
Project("{2150E333-8FDC-42A3-9474-1A3956D46DE8}") = "Task0", "Task0", "{02EA681E-C7D8-13C7-8484-4AC65E1B71E8}"
EndProject
Project("{FAE04EC0-301F-11D3-BF4B-00C04F79EFBC}") = "Tyuiu.LeushinP.Sprint6.Task0.V5.Lib", "Tyuiu.LeushinP.Sprint6.Task0.V5.Lib\Tyuiu.LeushinP.Sprint6.Task0.V5.Lib.csproj", "{AFAD5705-EB13-447D-B448-3A2B7423D5FD}"
EndProject
Project("{FAE04EC0-301F-11D3-BF4B-00C04F79EFBC}") = "Tyuiu.LeushinP.Sprint6.Task0.V5.Test", "Tyuiu.LeushinP.Sprint6.Task0.V5.Test\Tyuiu.LeushinP.Sprint6.Task0.V5.Test.csproj", "{129E438F-8A52-4909-BE74-18A74A91867C}"
EndProject
Project("{FAE04EC0-301F-11D3-BF4B-00C04F79EFBC}") = "Tyuiu.LeushinP.Sprint6.Task0.V5", "Tyuiu.LeushinP.Sprint6.Task0.V5\Tyuiu.LeushinP.Sprint6.Task0.V5.csproj", "{ACFE39E7-5ADF-4AD2-A1B1-6CF889CFAF7C}"
EndProject
Project("{2150E333-8FDC-42A3-9474-1A3956D46DE8}") = "Task1", "Task1", "{CA89CF16-720B-488F-8A2C-CFC650A6CD8C}"
EndProject
Project("{FAE04EC0-301F-11D3-BF4B-00C04F79EFBC}") = "Tyuiu.LeushinP.Sprint6.Task1.V23.Lib", "Tyuiu.LeushinP.Sprint6.Task1.V23.Lib\Tyuiu.LeushinP.Sprint6.Task1.V23.Lib.csproj", "{EC7FE95E-33EC-4C94-9D91-7649F2186918}"
EndProject
Project("{FAE04EC0-301F-11D3-BF4B-00C04F79EFBC}") = "Tyuiu.LeushinP.Sprint6.Task1.V23.Test", "Tyuiu.LeushinP.Sprint6.Task1.V23.Test\Tyuiu.LeushinP.Sprint6.Task1.V23.Test.csproj", "{529A0EE8-E1CA-4C1E-84BB-58B00FF02273}"
EndProject
Project("{FAE04EC0-301F-11D3-BF4B-00C04F79EFBC}") = "Tyuiu.LeushinP.Sprint6.Task1.V23", "Tyuiu.LeushinP.Sprint6.Task1.V23\Tyuiu.LeushinP.Sprint6.Task1.V23.csproj", "{122893A8-2E91-49B0-B410-3F49BABE8790}"
EndProject
Project("{2150E333-8FDC-42A3-9474-1A3956D46DE8}") = "Task2", "Task2", "{D6837DA9-CB13-4330-A245-C2B2A7DD8E24}"
EndProject
Project("{FAE04EC0-301F-11D3-BF4B-00C04F79EFBC}") = "Tyuiu.LeushinP.Sprint6.Task2.V15.Lib", "Tyuiu.LeushinP.Sprint6.Task2.V15.Lib\Tyuiu.LeushinP.Sprint6.Task2.V15.Lib.csproj", "{8DEDF8D2-D1CC-4A7C-8B66-31FBC2FC9F71}"
EndProject
Project("{FAE04EC0-301F-11D3-BF4B-00C04F79EFBC}") = "Tyuiu.LeushinP.Sprint6.Task2.V15.Test", "Tyuiu.LeushinP.Sprint6.Task2.V15.Test\Tyuiu.LeushinP.Sprint6.Task2.V15.Test.csproj", "{630C79DD-2D24-42B3-B925-006EC2C00B86}"
EndProject
Project("{FAE04EC0-301F-11D3-BF4B-00C04F79EFBC}") = "Tyuiu.LeushinP.Sprint6.Task2.V15", "Tyuiu.LeushinP.Sprint6.Task2.V15\Tyuiu.LeushinP.Sprint6.Task2.V15.csproj", "{F84F3520-A5A4-4E12-9D15-CCA829B113B6}"
EndProject
Project("{2150E333-8FDC-42A3-9474-1A3956D46DE8}") = "Task3", "Task3", "{2335FE48-58ED-4028-8B6C-2CDA71D75A57}"
EndProject
Project("{FAE04EC0-301F-11D3-BF4B-00C04F79EFBC}") = "Tyuiu.LeushinP.Sprint6.Task3.V30.Lib", "Tyuiu.LeushinP.Sprint6.Task3.V30.Lib\Tyuiu.LeushinP.Sprint6.Task3.V30.Lib.csproj", "{32A28C67-B2B9-42EC-B4AB-12C3A38E9261}"
EndProject
Project("{FAE04EC0-301F-11D3-BF4B-00C04F79EFBC}") = "Tyuiu.LeushinP.Sprint6.Task3.V30.Test", "Tyuiu.LeushinP.Sprint6.Task3.V30.Test\Tyuiu.LeushinP.Sprint6.Task3.V30.Test.csproj", "{FA54D5FD-1FED-42B9-AA20-2596E52C949B}"
EndProject
Project("{FAE04EC0-301F-11D3-BF4B-00C04F79EFBC}") = "Tyuiu.LeushinP.Sprint6.Task3.V30", "Tyuiu.LeushinP.Sprint6.Task3.V30\Tyuiu.LeushinP.Sprint6.Task3.V30.csproj", "{EC4233A9-6668-4CB9-BE8D-024D63E04F55}"
EndProject
Project("{2150E333-8FDC-42A3-9474-1A3956D46DE8}") = "Task4", "Task4", "{264B7950-CF90-4B3B-B2E8-68F1EBA81AB0}"
EndProject
Project("{FAE04EC0-301F-11D3-BF4B-00C04F79EFBC}") = "Tyuiu.LeushinP.Sprint6.Task4.V24.Test", "Tyuiu.LeushinP.Sprint6.Task4.V24.Test\Tyuiu.LeushinP.Sprint6.Task4.V24.Test.csproj", "{5135AC11-219F-4AF9-8205-38A630D4AD7E}"
EndProject
Project("{FAE04EC0-301F-11D3-BF4B-00C04F79EFBC}") = "Tyuiu.LeushinP.Sprint6.Task4.V24.Lib", "Tyuiu.LeushinP.Sprint6.Task4.V24.Lib\Tyuiu.LeushinP.Sprint6.Task4.V24.Lib.csproj", "{92AFF7A5-7294-4D3D-A7D1-0C690A57B882}"
EndProject
Project("{FAE04EC0-301F-11D3-BF4B-00C04F79EFBC}") = "Tyuiu.LeushinP.Sprint6.Task4.V24", "Tyuiu.LeushinP.Sprint6.Task4.V24\Tyuiu.LeushinP.Sprint6.Task4.V24.csproj", "{0AD9AECF-3817-4217-A307-DC8154338E1E}"
EndProject
Project("{2150E333-8FDC-42A3-9474-1A3956D46DE8}") = "Task5", "Task5", "{54FF308B-F334-4635-82CA-2EC58EA368FF}"
EndProject
Project("{FAE04EC0-301F-11D3-BF4B-00C04F79EFBC}") = "Tyuiu.LeushinP.Sprint6.Task5.V14.Lib", "Tyuiu.LeushinP.Sprint6.Task5.V14.Lib\Tyuiu.LeushinP.Sprint6.Task5.V14.Lib.csproj", "{BA6A307D-6046-481C-B04B-65727F410BD5}"
EndProject
Project("{FAE04EC0-301F-11D3-BF4B-00C04F79EFBC}") = "Tyuiu.LeushinP.Sprint6.Task5.V14", "Tyuiu.LeushinP.Sprint6.Task5.V14\Tyuiu.LeushinP.Sprint6.Task5.V14.csproj", "{C6ED4B7A-A1EC-489B-9E03-77729AA8691D}"
EndProject
Project("{FAE04EC0-301F-11D3-BF4B-00C04F79EFBC}") = "Tyuiu.LeushinP.Sprint6.Task5.V14.Test", "Tyuiu.LeushinP.Sprint6.Task5.V14.Test\Tyuiu.LeushinP.Sprint6.Task5.V14.Test.csproj", "{BEC2509A-B7C5-4397-9E4A-A506D3270A90}"
EndProject
Project("{2150E333-8FDC-42A3-9474-1A3956D46DE8}") = "Task6", "Task6", "{5186DC9F-CB2C-4DBF-A03B-04EAB256A5E8}"
EndProject
Project("{FAE04EC0-301F-11D3-BF4B-00C04F79EFBC}") = "Tyuiu.LeushinP.Sprint6.Task6.V17.Lib", "Tyuiu.LeushinP.Sprint6.Task6.V17.Lib\Tyuiu.LeushinP.Sprint6.Task6.V17.Lib.csproj", "{CEE6DAF2-E536-4850-9C38-17F52249B0AC}"
EndProject
Project("{FAE04EC0-301F-11D3-BF4B-00C04F79EFBC}") = "Tyuiu.LeushinP.Sprint6.Task.6.V17.Test", "Tyuiu.LeushinP.Sprint6.Task.6.V17.Test\Tyuiu.LeushinP.Sprint6.Task.6.V17.Test.csproj", "{052075BE-CCD8-41F4-82DF-2EB65092B8F5}"
EndProject
Project("{FAE04EC0-301F-11D3-BF4B-00C04F79EFBC}") = "Tyuiu.LeushinP.Sprint6.Task6.V17", "Tyuiu.LeushinP.Sprint6.Task6.V17\Tyuiu.LeushinP.Sprint6.Task6.V17.csproj", "{41219249-AE5D-4500-93D6-8B3348ED879C}"
EndProject
Global
	GlobalSection(SolutionConfigurationPlatforms) = preSolution
		Debug|Any CPU = Debug|Any CPU
		Release|Any CPU = Release|Any CPU
	EndGlobalSection
	GlobalSection(ProjectConfigurationPlatforms) = postSolution
		{AFAD5705-EB13-447D-B448-3A2B7423D5FD}.Debug|Any CPU.ActiveCfg = Debug|Any CPU
		{AFAD5705-EB13-447D-B448-3A2B7423D5FD}.Debug|Any CPU.Build.0 = Debug|Any CPU
		{AFAD5705-EB13-447D-B448-3A2B7423D5FD}.Release|Any CPU.ActiveCfg = Release|Any CPU
		{AFAD5705-EB13-447D-B448-3A2B7423D5FD}.Release|Any CPU.Build.0 = Release|Any CPU
		{129E438F-8A52-4909-BE74-18A74A91867C}.Debug|Any CPU.ActiveCfg = Debug|Any CPU
		{129E438F-8A52-4909-BE74-18A74A91867C}.Debug|Any CPU.Build.0 = Debug|Any CPU
		{129E438F-8A52-4909-BE74-18A74A91867C}.Release|Any CPU.ActiveCfg = Release|Any CPU
		{129E438F-8A52-4909-BE74-18A74A91867C}.Release|Any CPU.Build.0 = Release|Any CPU
		{ACFE39E7-5ADF-4AD2-A1B1-6CF889CFAF7C}.Debug|Any CPU.ActiveCfg = Debug|Any CPU
		{ACFE39E7-5ADF-4AD2-A1B1-6CF889CFAF7C}.Debug|Any CPU.Build.0 = Debug|Any CPU
		{ACFE39E7-5ADF-4AD2-A1B1-6CF889CFAF7C}.Release|Any CPU.ActiveCfg = Release|Any CPU
		{ACFE39E7-5ADF-4AD2-A1B1-6CF889CFAF7C}.Release|Any CPU.Build.0 = Release|Any CPU
		{EC7FE95E-33EC-4C94-9D91-7649F2186918}.Debug|Any CPU.ActiveCfg = Debug|Any CPU
		{EC7FE95E-33EC-4C94-9D91-7649F2186918}.Debug|Any CPU.Build.0 = Debug|Any CPU
		{EC7FE95E-33EC-4C94-9D91-7649F2186918}.Release|Any CPU.ActiveCfg = Release|Any CPU
		{EC7FE95E-33EC-4C94-9D91-7649F2186918}.Release|Any CPU.Build.0 = Release|Any CPU
		{529A0EE8-E1CA-4C1E-84BB-58B00FF02273}.Debug|Any CPU.ActiveCfg = Debug|Any CPU
		{529A0EE8-E1CA-4C1E-84BB-58B00FF02273}.Debug|Any CPU.Build.0 = Debug|Any CPU
		{529A0EE8-E1CA-4C1E-84BB-58B00FF02273}.Release|Any CPU.ActiveCfg = Release|Any CPU
		{529A0EE8-E1CA-4C1E-84BB-58B00FF02273}.Release|Any CPU.Build.0 = Release|Any CPU
		{122893A8-2E91-49B0-B410-3F49BABE8790}.Debug|Any CPU.ActiveCfg = Debug|Any CPU
		{122893A8-2E91-49B0-B410-3F49BABE8790}.Debug|Any CPU.Build.0 = Debug|Any CPU
		{122893A8-2E91-49B0-B410-3F49BABE8790}.Release|Any CPU.ActiveCfg = Release|Any CPU
		{122893A8-2E91-49B0-B410-3F49BABE8790}.Release|Any CPU.Build.0 = Release|Any CPU
		{8DEDF8D2-D1CC-4A7C-8B66-31FBC2FC9F71}.Debug|Any CPU.ActiveCfg = Debug|Any CPU
		{8DEDF8D2-D1CC-4A7C-8B66-31FBC2FC9F71}.Debug|Any CPU.Build.0 = Debug|Any CPU
		{8DEDF8D2-D1CC-4A7C-8B66-31FBC2FC9F71}.Release|Any CPU.ActiveCfg = Release|Any CPU
		{8DEDF8D2-D1CC-4A7C-8B66-31FBC2FC9F71}.Release|Any CPU.Build.0 = Release|Any CPU
		{630C79DD-2D24-42B3-B925-006EC2C00B86}.Debug|Any CPU.ActiveCfg = Debug|Any CPU
		{630C79DD-2D24-42B3-B925-006EC2C00B86}.Debug|Any CPU.Build.0 = Debug|Any CPU
		{630C79DD-2D24-42B3-B925-006EC2C00B86}.Release|Any CPU.ActiveCfg = Release|Any CPU
		{630C79DD-2D24-42B3-B925-006EC2C00B86}.Release|Any CPU.Build.0 = Release|Any CPU
		{F84F3520-A5A4-4E12-9D15-CCA829B113B6}.Debug|Any CPU.ActiveCfg = Debug|Any CPU
		{F84F3520-A5A4-4E12-9D15-CCA829B113B6}.Debug|Any CPU.Build.0 = Debug|Any CPU
		{F84F3520-A5A4-4E12-9D15-CCA829B113B6}.Release|Any CPU.ActiveCfg = Release|Any CPU
		{F84F3520-A5A4-4E12-9D15-CCA829B113B6}.Release|Any CPU.Build.0 = Release|Any CPU
		{32A28C67-B2B9-42EC-B4AB-12C3A38E9261}.Debug|Any CPU.ActiveCfg = Debug|Any CPU
		{32A28C67-B2B9-42EC-B4AB-12C3A38E9261}.Debug|Any CPU.Build.0 = Debug|Any CPU
		{32A28C67-B2B9-42EC-B4AB-12C3A38E9261}.Release|Any CPU.ActiveCfg = Release|Any CPU
		{32A28C67-B2B9-42EC-B4AB-12C3A38E9261}.Release|Any CPU.Build.0 = Release|Any CPU
		{FA54D5FD-1FED-42B9-AA20-2596E52C949B}.Debug|Any CPU.ActiveCfg = Debug|Any CPU
		{FA54D5FD-1FED-42B9-AA20-2596E52C949B}.Debug|Any CPU.Build.0 = Debug|Any CPU
		{FA54D5FD-1FED-42B9-AA20-2596E52C949B}.Release|Any CPU.ActiveCfg = Release|Any CPU
		{FA54D5FD-1FED-42B9-AA20-2596E52C949B}.Release|Any CPU.Build.0 = Release|Any CPU
		{EC4233A9-6668-4CB9-BE8D-024D63E04F55}.Debug|Any CPU.ActiveCfg = Debug|Any CPU
		{EC4233A9-6668-4CB9-BE8D-024D63E04F55}.Debug|Any CPU.Build.0 = Debug|Any CPU
		{EC4233A9-6668-4CB9-BE8D-024D63E04F55}.Release|Any CPU.ActiveCfg = Release|Any CPU
		{EC4233A9-6668-4CB9-BE8D-024D63E04F55}.Release|Any CPU.Build.0 = Release|Any CPU
		{5135AC11-219F-4AF9-8205-38A630D4AD7E}.Debug|Any CPU.ActiveCfg = Debug|Any CPU
		{5135AC11-219F-4AF9-8205-38A630D4AD7E}.Debug|Any CPU.Build.0 = Debug|Any CPU
		{5135AC11-219F-4AF9-8205-38A630D4AD7E}.Release|Any CPU.ActiveCfg = Release|Any CPU
		{5135AC11-219F-4AF9-8205-38A630D4AD7E}.Release|Any CPU.Build.0 = Release|Any CPU
		{92AFF7A5-7294-4D3D-A7D1-0C690A57B882}.Debug|Any CPU.ActiveCfg = Debug|Any CPU
		{92AFF7A5-7294-4D3D-A7D1-0C690A57B882}.Debug|Any CPU.Build.0 = Debug|Any CPU
		{92AFF7A5-7294-4D3D-A7D1-0C690A57B882}.Release|Any CPU.ActiveCfg = Release|Any CPU
		{92AFF7A5-7294-4D3D-A7D1-0C690A57B882}.Release|Any CPU.Build.0 = Release|Any CPU
		{0AD9AECF-3817-4217-A307-DC8154338E1E}.Debug|Any CPU.ActiveCfg = Debug|Any CPU
		{0AD9AECF-3817-4217-A307-DC8154338E1E}.Debug|Any CPU.Build.0 = Debug|Any CPU
		{0AD9AECF-3817-4217-A307-DC8154338E1E}.Release|Any CPU.ActiveCfg = Release|Any CPU
		{0AD9AECF-3817-4217-A307-DC8154338E1E}.Release|Any CPU.Build.0 = Release|Any CPU
		{BA6A307D-6046-481C-B04B-65727F410BD5}.Debug|Any CPU.ActiveCfg = Debug|Any CPU
		{BA6A307D-6046-481C-B04B-65727F410BD5}.Debug|Any CPU.Build.0 = Debug|Any CPU
		{BA6A307D-6046-481C-B04B-65727F410BD5}.Release|Any CPU.ActiveCfg = Release|Any CPU
		{BA6A307D-6046-481C-B04B-65727F410BD5}.Release|Any CPU.Build.0 = Release|Any CPU
		{C6ED4B7A-A1EC-489B-9E03-77729AA8691D}.Debug|Any CPU.ActiveCfg = Debug|Any CPU
		{C6ED4B7A-A1EC-489B-9E03-77729AA8691D}.Debug|Any CPU.Build.0 = Debug|Any CPU
		{C6ED4B7A-A1EC-489B-9E03-77729AA8691D}.Release|Any CPU.ActiveCfg = Release|Any CPU
		{C6ED4B7A-A1EC-489B-9E03-77729AA8691D}.Release|Any CPU.Build.0 = Release|Any CPU
		{BEC2509A-B7C5-4397-9E4A-A506D3270A90}.Debug|Any CPU.ActiveCfg = Debug|Any CPU
		{BEC2509A-B7C5-4397-9E4A-A506D3270A90}.Debug|Any CPU.Build.0 = Debug|Any CPU
		{BEC2509A-B7C5-4397-9E4A-A506D3270A90}.Release|Any CPU.ActiveCfg = Release|Any CPU
		{BEC2509A-B7C5-4397-9E4A-A506D3270A90}.Release|Any CPU.Build.0 = Release|Any CPU
		{CEE6DAF2-E536-4850-9C38-17F52249B0AC}.Debug|Any CPU.ActiveCfg = Debug|Any CPU
		{CEE6DAF2-E536-4850-9C38-17F52249B0AC}.Debug|Any CPU.Build.0 = Debug|Any CPU
		{CEE6DAF2-E536-4850-9C38-17F52249B0AC}.Release|Any CPU.ActiveCfg = Release|Any CPU
		{CEE6DAF2-E536-4850-9C38-17F52249B0AC}.Release|Any CPU.Build.0 = Release|Any CPU
		{052075BE-CCD8-41F4-82DF-2EB65092B8F5}.Debug|Any CPU.ActiveCfg = Debug|Any CPU
		{052075BE-CCD8-41F4-82DF-2EB65092B8F5}.Debug|Any CPU.Build.0 = Debug|Any CPU
		{052075BE-CCD8-41F4-82DF-2EB65092B8F5}.Release|Any CPU.ActiveCfg = Release|Any CPU
		{052075BE-CCD8-41F4-82DF-2EB65092B8F5}.Release|Any CPU.Build.0 = Release|Any CPU
		{41219249-AE5D-4500-93D6-8B3348ED879C}.Debug|Any CPU.ActiveCfg = Debug|Any CPU
		{41219249-AE5D-4500-93D6-8B3348ED879C}.Debug|Any CPU.Build.0 = Debug|Any CPU
		{41219249-AE5D-4500-93D6-8B3348ED879C}.Release|Any CPU.ActiveCfg = Release|Any CPU
		{41219249-AE5D-4500-93D6-8B3348ED879C}.Release|Any CPU.Build.0 = Release|Any CPU
	EndGlobalSection
	GlobalSection(SolutionProperties) = preSolution
		HideSolutionNode = FALSE
	EndGlobalSection
	GlobalSection(NestedProjects) = preSolution
		{AFAD5705-EB13-447D-B448-3A2B7423D5FD} = {02EA681E-C7D8-13C7-8484-4AC65E1B71E8}
		{129E438F-8A52-4909-BE74-18A74A91867C} = {02EA681E-C7D8-13C7-8484-4AC65E1B71E8}
		{ACFE39E7-5ADF-4AD2-A1B1-6CF889CFAF7C} = {02EA681E-C7D8-13C7-8484-4AC65E1B71E8}
		{EC7FE95E-33EC-4C94-9D91-7649F2186918} = {CA89CF16-720B-488F-8A2C-CFC650A6CD8C}
		{529A0EE8-E1CA-4C1E-84BB-58B00FF02273} = {CA89CF16-720B-488F-8A2C-CFC650A6CD8C}
		{122893A8-2E91-49B0-B410-3F49BABE8790} = {CA89CF16-720B-488F-8A2C-CFC650A6CD8C}
		{8DEDF8D2-D1CC-4A7C-8B66-31FBC2FC9F71} = {D6837DA9-CB13-4330-A245-C2B2A7DD8E24}
		{630C79DD-2D24-42B3-B925-006EC2C00B86} = {D6837DA9-CB13-4330-A245-C2B2A7DD8E24}
		{F84F3520-A5A4-4E12-9D15-CCA829B113B6} = {D6837DA9-CB13-4330-A245-C2B2A7DD8E24}
		{32A28C67-B2B9-42EC-B4AB-12C3A38E9261} = {2335FE48-58ED-4028-8B6C-2CDA71D75A57}
		{FA54D5FD-1FED-42B9-AA20-2596E52C949B} = {2335FE48-58ED-4028-8B6C-2CDA71D75A57}
		{EC4233A9-6668-4CB9-BE8D-024D63E04F55} = {2335FE48-58ED-4028-8B6C-2CDA71D75A57}
		{5135AC11-219F-4AF9-8205-38A630D4AD7E} = {264B7950-CF90-4B3B-B2E8-68F1EBA81AB0}
		{92AFF7A5-7294-4D3D-A7D1-0C690A57B882} = {264B7950-CF90-4B3B-B2E8-68F1EBA81AB0}
		{0AD9AECF-3817-4217-A307-DC8154338E1E} = {264B7950-CF90-4B3B-B2E8-68F1EBA81AB0}
		{BA6A307D-6046-481C-B04B-65727F410BD5} = {54FF308B-F334-4635-82CA-2EC58EA368FF}
		{C6ED4B7A-A1EC-489B-9E03-77729AA8691D} = {54FF308B-F334-4635-82CA-2EC58EA368FF}
		{BEC2509A-B7C5-4397-9E4A-A506D3270A90} = {54FF308B-F334-4635-82CA-2EC58EA368FF}
		{CEE6DAF2-E536-4850-9C38-17F52249B0AC} = {5186DC9F-CB2C-4DBF-A03B-04EAB256A5E8}
		{052075BE-CCD8-41F4-82DF-2EB65092B8F5} = {5186DC9F-CB2C-4DBF-A03B-04EAB256A5E8}
		{41219249-AE5D-4500-93D6-8B3348ED879C} = {5186DC9F-CB2C-4DBF-A03B-04EAB256A5E8}
	EndGlobalSection
	GlobalSection(ExtensibilityGlobals) = postSolution
		SolutionGuid = {8397EABB-0EF4-4E23-80BF-C2C79D605B03}
	EndGlobalSection
EndGlobal
